
Microsoft Visual Studio Solution File, Format Version 12.00
Project("{FAE04EC0-301F-11D3-BF4B-00C04F79EFBC}") = "A982065-linetalk", "A982065-linetalk\A982065-linetalk.csproj", "{B025A144-9FCC-422A-BBF6-0A87738714EF}"
EndProject
Global
	GlobalSection(SolutionConfigurationPlatforms) = preSolution
		Debug|Any CPU = Debug|Any CPU
		Release|Any CPU = Release|Any CPU
	EndGlobalSection
	GlobalSection(ProjectConfigurationPlatforms) = postSolution
		{B025A144-9FCC-422A-BBF6-0A87738714EF}.Debug|Any CPU.ActiveCfg = Debug|Any CPU
		{B025A144-9FCC-422A-BBF6-0A87738714EF}.Debug|Any CPU.Build.0 = Debug|Any CPU
		{B025A144-9FCC-422A-BBF6-0A87738714EF}.Release|Any CPU.ActiveCfg = Release|Any CPU
		{B025A144-9FCC-422A-BBF6-0A87738714EF}.Release|Any CPU.Build.0 = Release|Any CPU
	EndGlobalSection
EndGlobal
